// !$*UTF8*$!
{
	archiveVersion = 1;
	classes = {
	};
	objectVersion = 77;
	objects = {

/* Begin PBXBuildFile section */
		03EDA0B5E914597A0DA3C7C7 /* AudioCheckView.swift in Sources */ = {isa = PBXBuildFile; fileRef = 5B8D5101EC0D95E5061B8676 /* AudioCheckView.swift */; };
		0525C0952D1CF15E3C11F2A8 /* OverviewView.swift in Sources */ = {isa = PBXBuildFile; fileRef = 6AA4A79CB0FC9BF78491623B /* OverviewView.swift */; };
		1316207251B430AA38B196FE /* KeyboardLayout.swift in Sources */ = {isa = PBXBuildFile; fileRef = 5D7FBA8DEB1871C61BF21D13 /* KeyboardLayout.swift */; };
		13CC6B4531E34C650700440F /* ShellRunner.swift in Sources */ = {isa = PBXBuildFile; fileRef = B325D3D0BF7EE8F9C30F4539 /* ShellRunner.swift */; };
		1DDADB107795EC9EE09051CD /* ScreenCheckView.swift in Sources */ = {isa = PBXBuildFile; fileRef = 4115245B7958EDEA0E476CDE /* ScreenCheckView.swift */; };
		21B8CC61B1F663FE8D2ADA23 /* Assets.xcassets in Resources */ = {isa = PBXBuildFile; fileRef = 607883521D19331A4FED816A /* Assets.xcassets */; };
		21E0744BFD545A772DC15CBA /* PortLiveCheckView.swift in Sources */ = {isa = PBXBuildFile; fileRef = 794B01149175A6B612F2BA64 /* PortLiveCheckView.swift */; };
		25BE9C90A45ECC7E0210198F /* SecurityChipService.swift in Sources */ = {isa = PBXBuildFile; fileRef = 41433486C70265B1304E21B3 /* SecurityChipService.swift */; };
		2B0A86621EE080C97126FFC1 /* PortService.swift in Sources */ = {isa = PBXBuildFile; fileRef = 3F1C4C43B2B6E8F02D660D17 /* PortService.swift */; };
		30ED452BD40F093D90242A7F /* DesignSystem.swift in Sources */ = {isa = PBXBuildFile; fileRef = 6FAD45F67C273C6884678C90 /* DesignSystem.swift */; };
		3506EE27CC5E7F702954CDBC /* AIModelAdvisor.swift in Sources */ = {isa = PBXBuildFile; fileRef = 10EC4DD9F9B605558BE978B9 /* AIModelAdvisor.swift */; };
		40AB1557F676AD8B45196FB7 /* SerialDecoder.swift in Sources */ = {isa = PBXBuildFile; fileRef = 00A15C591745CDF8D0701A84 /* SerialDecoder.swift */; };
		49AF24919D1A50CD0B4CD16A /* HardwareProbe.swift in Sources */ = {isa = PBXBuildFile; fileRef = AA77FD99DE4E15D8544E79AC /* HardwareProbe.swift */; };
		537DAF0304B333185993A12A /* CameraCheckView.swift in Sources */ = {isa = PBXBuildFile; fileRef = A0D0309D13DDB8639875A76F /* CameraCheckView.swift */; };
		54BCA357B9659ADDF7B30195 /* KeyboardTestModel.swift in Sources */ = {isa = PBXBuildFile; fileRef = E4E78B1058A1FE724F7A9F48 /* KeyboardTestModel.swift */; };
		585FE00B0FCF0509EB54E680 /* SidebarView.swift in Sources */ = {isa = PBXBuildFile; fileRef = 2A0D4EC52226B5AE07DBD5E4 /* SidebarView.swift */; };
		5947C4CC610C837C3D2D35E2 /* SettingsView.swift in Sources */ = {isa = PBXBuildFile; fileRef = 37D249A27EF368B15A200974 /* SettingsView.swift */; };
		5951CB364A55886817E40C9A /* ManagementService.swift in Sources */ = {isa = PBXBuildFile; fileRef = F21057119E04A66673602986 /* ManagementService.swift */; };
		5AC3A2D025BB04A4925D4387 /* PerformanceCheckView.swift in Sources */ = {isa = PBXBuildFile; fileRef = FBD901320FD3E226550C6D29 /* PerformanceCheckView.swift */; };
		5C1765257FF35300DC35CD01 /* ReportModel.swift in Sources */ = {isa = PBXBuildFile; fileRef = 371DF27B70402D1DF4814A49 /* ReportModel.swift */; };
		5CB6DA5F02ECEE20CA50C721 /* SMCService.swift in Sources */ = {isa = PBXBuildFile; fileRef = D8662A24F23FA934C6FCA255 /* SMCService.swift */; };
		666CDCCEAF224418917B13AB /* KeyboardCheckView.swift in Sources */ = {isa = PBXBuildFile; fileRef = 4500476B02C09905D4A6EF01 /* KeyboardCheckView.swift */; };
		68BE6016E05D97313AE9F174 /* ReportDocumentView.swift in Sources */ = {isa = PBXBuildFile; fileRef = 1E4CDD157461D07A863A2696 /* ReportDocumentView.swift */; };
		68C462B7FB5B46275D67CEB6 /* RootView.swift in Sources */ = {isa = PBXBuildFile; fileRef = B2C891817E99096D4F76EF66 /* RootView.swift */; };
		75A437E3F8F8492155A79EFC /* DiskSpeedCheckView.swift in Sources */ = {isa = PBXBuildFile; fileRef = 5B577B9E0EFFA5F2A93B972D /* DiskSpeedCheckView.swift */; };
		840BB4D4226BA40F52180C3B /* HistoryStore.swift in Sources */ = {isa = PBXBuildFile; fileRef = B6B768D962B456FFB1BE68C9 /* HistoryStore.swift */; };
		8AAFD72F1BEC7CAF9826046F /* AppModel.swift in Sources */ = {isa = PBXBuildFile; fileRef = 3228FA565E2EAA5B62D04B81 /* AppModel.swift */; };
		8AF68226FE9FBB07EB5D070D /* ReportExporter.swift in Sources */ = {isa = PBXBuildFile; fileRef = F80A74693350BA1F5EDB5BB3 /* ReportExporter.swift */; };
		A0C73FAD5537EFF4DB99E416 /* TouchIDCheckView.swift in Sources */ = {isa = PBXBuildFile; fileRef = C9C12A906F503976B2C10563 /* TouchIDCheckView.swift */; };
		A31F2841FDA260E688E0955C /* MacCheckApp.swift in Sources */ = {isa = PBXBuildFile; fileRef = F8619617ED2FC14A2080367B /* MacCheckApp.swift */; };
		B87A28D041AF475CEB291DF9 /* BatteryService.swift in Sources */ = {isa = PBXBuildFile; fileRef = 5550AF2B16828BE4457028D0 /* BatteryService.swift */; };
		BFEA86B8291019DA41CFF8DB /* TrackpadCheckView.swift in Sources */ = {isa = PBXBuildFile; fileRef = CD251515F983FD31A3026BB7 /* TrackpadCheckView.swift */; };
		CAA70E17D3EEB98EBCD6169F /* ScreenCheckModel.swift in Sources */ = {isa = PBXBuildFile; fileRef = 9F57743B7019F9D19EC1F7AC /* ScreenCheckModel.swift */; };
		CF7F19DBB6186041782AA86E /* AIModelsView.swift in Sources */ = {isa = PBXBuildFile; fileRef = 6E72875B693C58D60047DB27 /* AIModelsView.swift */; };
		D44CBFA0ED121556C0D36350 /* NetworkService.swift in Sources */ = {isa = PBXBuildFile; fileRef = FE40C8ACBC826490673DAA56 /* NetworkService.swift */; };
		D48C811ADC7E155823CB82E4 /* DeviceNaming.swift in Sources */ = {isa = PBXBuildFile; fileRef = 67A7CAB75FAEF4E2E400CF27 /* DeviceNaming.swift */; };
		F39F8BBE17CEE2946637AF10 /* StorageService.swift in Sources */ = {isa = PBXBuildFile; fileRef = 0F1B7973186D22F74389C1EF /* StorageService.swift */; };
		F7B0A1CDC89F395A8D1C30E9 /* MicrophoneCheckView.swift in Sources */ = {isa = PBXBuildFile; fileRef = 1FD9082F5C8F6225B946118D /* MicrophoneCheckView.swift */; };
		FC487407FA904A58A4047AAC /* HistoryView.swift in Sources */ = {isa = PBXBuildFile; fileRef = 0DF7DC1FCD3E942D729DAA93 /* HistoryView.swift */; };
		FD6309847B9E86676BE40490 /* DetailViews.swift in Sources */ = {isa = PBXBuildFile; fileRef = 4BDDCFFD415A9D8E78208E3B /* DetailViews.swift */; };
/* End PBXBuildFile section */

/* Begin PBXFileReference section */
		00A15C591745CDF8D0701A84 /* SerialDecoder.swift */ = {isa = PBXFileReference; lastKnownFileType = sourcecode.swift; path = SerialDecoder.swift; sourceTree = "<group>"; };
		0DF7DC1FCD3E942D729DAA93 /* HistoryView.swift */ = {isa = PBXFileReference; lastKnownFileType = sourcecode.swift; path = HistoryView.swift; sourceTree = "<group>"; };
		0F1B7973186D22F74389C1EF /* StorageService.swift */ = {isa = PBXFileReference; lastKnownFileType = sourcecode.swift; path = StorageService.swift; sourceTree = "<group>"; };
		10EC4DD9F9B605558BE978B9 /* AIModelAdvisor.swift */ = {isa = PBXFileReference; lastKnownFileType = sourcecode.swift; path = AIModelAdvisor.swift; sourceTree = "<group>"; };
		13EEBB1CD8C2B7BCE7EE53E5 /* Info.plist */ = {isa = PBXFileReference; lastKnownFileType = text.plist; path = Info.plist; sourceTree = "<group>"; };
		1E4CDD157461D07A863A2696 /* ReportDocumentView.swift */ = {isa = PBXFileReference; lastKnownFileType = sourcecode.swift; path = ReportDocumentView.swift; sourceTree = "<group>"; };
		1FD9082F5C8F6225B946118D /* MicrophoneCheckView.swift */ = {isa = PBXFileReference; lastKnownFileType = sourcecode.swift; path = MicrophoneCheckView.swift; sourceTree = "<group>"; };
		2A0D4EC52226B5AE07DBD5E4 /* SidebarView.swift */ = {isa = PBXFileReference; lastKnownFileType = sourcecode.swift; path = SidebarView.swift; sourceTree = "<group>"; };
		3228FA565E2EAA5B62D04B81 /* AppModel.swift */ = {isa = PBXFileReference; lastKnownFileType = sourcecode.swift; path = AppModel.swift; sourceTree = "<group>"; };
		371DF27B70402D1DF4814A49 /* ReportModel.swift */ = {isa = PBXFileReference; lastKnownFileType = sourcecode.swift; path = ReportModel.swift; sourceTree = "<group>"; };
		37D249A27EF368B15A200974 /* SettingsView.swift */ = {isa = PBXFileReference; lastKnownFileType = sourcecode.swift; path = SettingsView.swift; sourceTree = "<group>"; };
		3F1C4C43B2B6E8F02D660D17 /* PortService.swift */ = {isa = PBXFileReference; lastKnownFileType = sourcecode.swift; path = PortService.swift; sourceTree = "<group>"; };
		4115245B7958EDEA0E476CDE /* ScreenCheckView.swift */ = {isa = PBXFileReference; lastKnownFileType = sourcecode.swift; path = ScreenCheckView.swift; sourceTree = "<group>"; };
		41433486C70265B1304E21B3 /* SecurityChipService.swift */ = {isa = PBXFileReference; lastKnownFileType = sourcecode.swift; path = SecurityChipService.swift; sourceTree = "<group>"; };
		4500476B02C09905D4A6EF01 /* KeyboardCheckView.swift */ = {isa = PBXFileReference; lastKnownFileType = sourcecode.swift; path = KeyboardCheckView.swift; sourceTree = "<group>"; };
		4B79BD2F5FBBB9BA2F91F3F2 /* MacCheck.app */ = {isa = PBXFileReference; explicitFileType = wrapper.application; includeInIndex = 0; path = MacCheck.app; sourceTree = BUILT_PRODUCTS_DIR; };
		4BDDCFFD415A9D8E78208E3B /* DetailViews.swift */ = {isa = PBXFileReference; lastKnownFileType = sourcecode.swift; path = DetailViews.swift; sourceTree = "<group>"; };
		5550AF2B16828BE4457028D0 /* BatteryService.swift */ = {isa = PBXFileReference; lastKnownFileType = sourcecode.swift; path = BatteryService.swift; sourceTree = "<group>"; };
		5B577B9E0EFFA5F2A93B972D /* DiskSpeedCheckView.swift */ = {isa = PBXFileReference; lastKnownFileType = sourcecode.swift; path = DiskSpeedCheckView.swift; sourceTree = "<group>"; };
		5B8D5101EC0D95E5061B8676 /* AudioCheckView.swift */ = {isa = PBXFileReference; lastKnownFileType = sourcecode.swift; path = AudioCheckView.swift; sourceTree = "<group>"; };
		5D7FBA8DEB1871C61BF21D13 /* KeyboardLayout.swift */ = {isa = PBXFileReference; lastKnownFileType = sourcecode.swift; path = KeyboardLayout.swift; sourceTree = "<group>"; };
		607883521D19331A4FED816A /* Assets.xcassets */ = {isa = PBXFileReference; lastKnownFileType = folder.assetcatalog; path = Assets.xcassets; sourceTree = "<group>"; };
		67A7CAB75FAEF4E2E400CF27 /* DeviceNaming.swift */ = {isa = PBXFileReference; lastKnownFileType = sourcecode.swift; path = DeviceNaming.swift; sourceTree = "<group>"; };
		6AA4A79CB0FC9BF78491623B /* OverviewView.swift */ = {isa = PBXFileReference; lastKnownFileType = sourcecode.swift; path = OverviewView.swift; sourceTree = "<group>"; };
		6E72875B693C58D60047DB27 /* AIModelsView.swift */ = {isa = PBXFileReference; lastKnownFileType = sourcecode.swift; path = AIModelsView.swift; sourceTree = "<group>"; };
		6FAD45F67C273C6884678C90 /* DesignSystem.swift */ = {isa = PBXFileReference; lastKnownFileType = sourcecode.swift; path = DesignSystem.swift; sourceTree = "<group>"; };
		794B01149175A6B612F2BA64 /* PortLiveCheckView.swift */ = {isa = PBXFileReference; lastKnownFileType = sourcecode.swift; path = PortLiveCheckView.swift; sourceTree = "<group>"; };
		9F57743B7019F9D19EC1F7AC /* ScreenCheckModel.swift */ = {isa = PBXFileReference; lastKnownFileType = sourcecode.swift; path = ScreenCheckModel.swift; sourceTree = "<group>"; };
		A0D0309D13DDB8639875A76F /* CameraCheckView.swift */ = {isa = PBXFileReference; lastKnownFileType = sourcecode.swift; path = CameraCheckView.swift; sourceTree = "<group>"; };
		AA77FD99DE4E15D8544E79AC /* HardwareProbe.swift */ = {isa = PBXFileReference; lastKnownFileType = sourcecode.swift; path = HardwareProbe.swift; sourceTree = "<group>"; };
		AB6E2C67EF215AA0F060D32E /* MacCheck.entitlements */ = {isa = PBXFileReference; lastKnownFileType = text.plist.entitlements; path = MacCheck.entitlements; sourceTree = "<group>"; };
		B2C891817E99096D4F76EF66 /* RootView.swift */ = {isa = PBXFileReference; lastKnownFileType = sourcecode.swift; path = RootView.swift; sourceTree = "<group>"; };
		B325D3D0BF7EE8F9C30F4539 /* ShellRunner.swift */ = {isa = PBXFileReference; lastKnownFileType = sourcecode.swift; path = ShellRunner.swift; sourceTree = "<group>"; };
		B6B768D962B456FFB1BE68C9 /* HistoryStore.swift */ = {isa = PBXFileReference; lastKnownFileType = sourcecode.swift; path = HistoryStore.swift; sourceTree = "<group>"; };
		C9C12A906F503976B2C10563 /* TouchIDCheckView.swift */ = {isa = PBXFileReference; lastKnownFileType = sourcecode.swift; path = TouchIDCheckView.swift; sourceTree = "<group>"; };
		CD251515F983FD31A3026BB7 /* TrackpadCheckView.swift */ = {isa = PBXFileReference; lastKnownFileType = sourcecode.swift; path = TrackpadCheckView.swift; sourceTree = "<group>"; };
		D8662A24F23FA934C6FCA255 /* SMCService.swift */ = {isa = PBXFileReference; lastKnownFileType = sourcecode.swift; path = SMCService.swift; sourceTree = "<group>"; };
		E4E78B1058A1FE724F7A9F48 /* KeyboardTestModel.swift */ = {isa = PBXFileReference; lastKnownFileType = sourcecode.swift; path = KeyboardTestModel.swift; sourceTree = "<group>"; };
		F21057119E04A66673602986 /* ManagementService.swift */ = {isa = PBXFileReference; lastKnownFileType = sourcecode.swift; path = ManagementService.swift; sourceTree = "<group>"; };
		F80A74693350BA1F5EDB5BB3 /* ReportExporter.swift */ = {isa = PBXFileReference; lastKnownFileType = sourcecode.swift; path = ReportExporter.swift; sourceTree = "<group>"; };
		F8619617ED2FC14A2080367B /* MacCheckApp.swift */ = {isa = PBXFileReference; lastKnownFileType = sourcecode.swift; path = MacCheckApp.swift; sourceTree = "<group>"; };
		FBD901320FD3E226550C6D29 /* PerformanceCheckView.swift */ = {isa = PBXFileReference; lastKnownFileType = sourcecode.swift; path = PerformanceCheckView.swift; sourceTree = "<group>"; };
		FE40C8ACBC826490673DAA56 /* NetworkService.swift */ = {isa = PBXFileReference; lastKnownFileType = sourcecode.swift; path = NetworkService.swift; sourceTree = "<group>"; };
/* End PBXFileReference section */

/* Begin PBXGroup section */
		04BECE7B7FCFC94E426E8F98 /* Products */ = {
			isa = PBXGroup;
			children = (
				4B79BD2F5FBBB9BA2F91F3F2 /* MacCheck.app */,
			);
			name = Products;
			sourceTree = "<group>";
		};
		1D79078294396AEEFBEA497B /* PortLiveCheck */ = {
			isa = PBXGroup;
			children = (
				794B01149175A6B612F2BA64 /* PortLiveCheckView.swift */,
			);
			path = PortLiveCheck;
			sourceTree = "<group>";
		};
		25799BFA331B13E67D73A2F4 /* ReportEngine */ = {
			isa = PBXGroup;
			children = (
				B6B768D962B456FFB1BE68C9 /* HistoryStore.swift */,
				1E4CDD157461D07A863A2696 /* ReportDocumentView.swift */,
				F80A74693350BA1F5EDB5BB3 /* ReportExporter.swift */,
				371DF27B70402D1DF4814A49 /* ReportModel.swift */,
			);
			path = ReportEngine;
			sourceTree = "<group>";
		};
		28EAC69E313852EAA2F86AF9 /* KeyboardCheck */ = {
			isa = PBXGroup;
			children = (
				4500476B02C09905D4A6EF01 /* KeyboardCheckView.swift */,
				5D7FBA8DEB1871C61BF21D13 /* KeyboardLayout.swift */,
				E4E78B1058A1FE724F7A9F48 /* KeyboardTestModel.swift */,
			);
			path = KeyboardCheck;
			sourceTree = "<group>";
		};
		35E05A85554289FEB077C5AF /* PortService */ = {
			isa = PBXGroup;
			children = (
				3F1C4C43B2B6E8F02D660D17 /* PortService.swift */,
			);
			path = PortService;
			sourceTree = "<group>";
		};
		4BDC3A12EF4E99360C7503D5 /* TouchIDCheck */ = {
			isa = PBXGroup;
			children = (
				C9C12A906F503976B2C10563 /* TouchIDCheckView.swift */,
			);
			path = TouchIDCheck;
			sourceTree = "<group>";
		};
		53D838BFD91E26C4B6D01171 /* AudioCheck */ = {
			isa = PBXGroup;
			children = (
				5B8D5101EC0D95E5061B8676 /* AudioCheckView.swift */,
			);
			path = AudioCheck;
			sourceTree = "<group>";
		};
		57C7461B467F7B57C3483D4D /* MicrophoneCheck */ = {
			isa = PBXGroup;
			children = (
				1FD9082F5C8F6225B946118D /* MicrophoneCheckView.swift */,
			);
			path = MicrophoneCheck;
			sourceTree = "<group>";
		};
		731F45BC5747CBBD690A6E26 /* DiskSpeedCheck */ = {
			isa = PBXGroup;
			children = (
				5B577B9E0EFFA5F2A93B972D /* DiskSpeedCheckView.swift */,
			);
			path = DiskSpeedCheck;
			sourceTree = "<group>";
		};
		754DF2CE8D52FEF4F00F3839 /* BatteryService */ = {
			isa = PBXGroup;
			children = (
				5550AF2B16828BE4457028D0 /* BatteryService.swift */,
			);
			path = BatteryService;
			sourceTree = "<group>";
		};
		76507759EA407E3CE2BB03C7 /* Checks */ = {
			isa = PBXGroup;
			children = (
				53D838BFD91E26C4B6D01171 /* AudioCheck */,
				B719D72203B69CA405F26CE2 /* CameraCheck */,
				731F45BC5747CBBD690A6E26 /* DiskSpeedCheck */,
				28EAC69E313852EAA2F86AF9 /* KeyboardCheck */,
				57C7461B467F7B57C3483D4D /* MicrophoneCheck */,
				C12364BF9547A21572CE5A09 /* PerformanceCheck */,
				1D79078294396AEEFBEA497B /* PortLiveCheck */,
				9DD514838AEA1D0F39E916B6 /* ScreenCheck */,
				4BDC3A12EF4E99360C7503D5 /* TouchIDCheck */,
				FAA92B6B09A2BC5B26C27D9C /* TrackpadCheck */,
			);
			path = Checks;
			sourceTree = "<group>";
		};
		7BADB40D2D87B33B42CBB095 = {
			isa = PBXGroup;
			children = (
				B4B5FAF595334A4EB74924AD /* Sources */,
				04BECE7B7FCFC94E426E8F98 /* Products */,
			);
			sourceTree = "<group>";
		};
		8CAB865BC06AD08414C07A1B /* App */ = {
			isa = PBXGroup;
			children = (
				13EEBB1CD8C2B7BCE7EE53E5 /* Info.plist */,
				AB6E2C67EF215AA0F060D32E /* MacCheck.entitlements */,
				F8619617ED2FC14A2080367B /* MacCheckApp.swift */,
			);
			path = App;
			sourceTree = "<group>";
		};
		9CFDBB3470C433A314F1DBF3 /* HardwareProbe */ = {
			isa = PBXGroup;
			children = (
				67A7CAB75FAEF4E2E400CF27 /* DeviceNaming.swift */,
				AA77FD99DE4E15D8544E79AC /* HardwareProbe.swift */,
				41433486C70265B1304E21B3 /* SecurityChipService.swift */,
				00A15C591745CDF8D0701A84 /* SerialDecoder.swift */,
			);
			path = HardwareProbe;
			sourceTree = "<group>";
		};
		9D6C674ACC4939C707B9176F /* SMCService */ = {
			isa = PBXGroup;
			children = (
				D8662A24F23FA934C6FCA255 /* SMCService.swift */,
			);
			path = SMCService;
			sourceTree = "<group>";
		};
		9DD514838AEA1D0F39E916B6 /* ScreenCheck */ = {
			isa = PBXGroup;
			children = (
				9F57743B7019F9D19EC1F7AC /* ScreenCheckModel.swift */,
				4115245B7958EDEA0E476CDE /* ScreenCheckView.swift */,
			);
			path = ScreenCheck;
			sourceTree = "<group>";
		};
		A2377E33ABE3E2ADE9911EFC /* NetworkService */ = {
			isa = PBXGroup;
			children = (
				FE40C8ACBC826490673DAA56 /* NetworkService.swift */,
			);
			path = NetworkService;
			sourceTree = "<group>";
		};
		B4B5FAF595334A4EB74924AD /* Sources */ = {
			isa = PBXGroup;
			children = (
				607883521D19331A4FED816A /* Assets.xcassets */,
				8CAB865BC06AD08414C07A1B /* App */,
				76507759EA407E3CE2BB03C7 /* Checks */,
				EB6F9C6933685BFE01CCF0FD /* Core */,
				DF265697E6C42C0DF5676449 /* UI */,
			);
			path = Sources;
			sourceTree = "<group>";
		};
		B719D72203B69CA405F26CE2 /* CameraCheck */ = {
			isa = PBXGroup;
			children = (
				A0D0309D13DDB8639875A76F /* CameraCheckView.swift */,
			);
			path = CameraCheck;
			sourceTree = "<group>";
		};
		C12364BF9547A21572CE5A09 /* PerformanceCheck */ = {
			isa = PBXGroup;
			children = (
				FBD901320FD3E226550C6D29 /* PerformanceCheckView.swift */,
			);
			path = PerformanceCheck;
			sourceTree = "<group>";
		};
		D185789D444E333E228EB733 /* StorageService */ = {
			isa = PBXGroup;
			children = (
				0F1B7973186D22F74389C1EF /* StorageService.swift */,
			);
			path = StorageService;
			sourceTree = "<group>";
		};
		D68BA5E89EB9180EB7CDC84A /* AIAdvisor */ = {
			isa = PBXGroup;
			children = (
				10EC4DD9F9B605558BE978B9 /* AIModelAdvisor.swift */,
			);
			path = AIAdvisor;
			sourceTree = "<group>";
		};
		DF265697E6C42C0DF5676449 /* UI */ = {
			isa = PBXGroup;
			children = (
				6E72875B693C58D60047DB27 /* AIModelsView.swift */,
				3228FA565E2EAA5B62D04B81 /* AppModel.swift */,
				6FAD45F67C273C6884678C90 /* DesignSystem.swift */,
				4BDDCFFD415A9D8E78208E3B /* DetailViews.swift */,
				0DF7DC1FCD3E942D729DAA93 /* HistoryView.swift */,
				6AA4A79CB0FC9BF78491623B /* OverviewView.swift */,
				B2C891817E99096D4F76EF66 /* RootView.swift */,
				37D249A27EF368B15A200974 /* SettingsView.swift */,
				2A0D4EC52226B5AE07DBD5E4 /* SidebarView.swift */,
			);
			path = UI;
			sourceTree = "<group>";
		};
		EB6F9C6933685BFE01CCF0FD /* Core */ = {
			isa = PBXGroup;
			children = (
				B325D3D0BF7EE8F9C30F4539 /* ShellRunner.swift */,
				D68BA5E89EB9180EB7CDC84A /* AIAdvisor */,
				754DF2CE8D52FEF4F00F3839 /* BatteryService */,
				9CFDBB3470C433A314F1DBF3 /* HardwareProbe */,
				F0FC66D25F9987B66737D349 /* ManagementService */,
				A2377E33ABE3E2ADE9911EFC /* NetworkService */,
				35E05A85554289FEB077C5AF /* PortService */,
				25799BFA331B13E67D73A2F4 /* ReportEngine */,
				9D6C674ACC4939C707B9176F /* SMCService */,
				D185789D444E333E228EB733 /* StorageService */,
			);
			path = Core;
			sourceTree = "<group>";
		};
		F0FC66D25F9987B66737D349 /* ManagementService */ = {
			isa = PBXGroup;
			children = (
				F21057119E04A66673602986 /* ManagementService.swift */,
			);
			path = ManagementService;
			sourceTree = "<group>";
		};
		FAA92B6B09A2BC5B26C27D9C /* TrackpadCheck */ = {
			isa = PBXGroup;
			children = (
				CD251515F983FD31A3026BB7 /* TrackpadCheckView.swift */,
			);
			path = TrackpadCheck;
			sourceTree = "<group>";
		};
/* End PBXGroup section */

/* Begin PBXNativeTarget section */
		2D060735F26C7F9D8D3F7880 /* MacCheck */ = {
			isa = PBXNativeTarget;
			buildConfigurationList = B7BE983942B67216E25E8542 /* Build configuration list for PBXNativeTarget "MacCheck" */;
			buildPhases = (
				199C85C740A8A6049FEAAA90 /* Sources */,
				A622234FD67CC8D759119215 /* Resources */,
			);
			buildRules = (
			);
			dependencies = (
			);
			name = MacCheck;
			packageProductDependencies = (
			);
			productName = MacCheck;
			productReference = 4B79BD2F5FBBB9BA2F91F3F2 /* MacCheck.app */;
			productType = "com.apple.product-type.application";
		};
/* End PBXNativeTarget section */

/* Begin PBXProject section */
		45FD97A7EB74F00B0FFD4928 /* Project object */ = {
			isa = PBXProject;
			attributes = {
				BuildIndependentTargetsInParallel = YES;
				LastUpgradeCheck = 1430;
				TargetAttributes = {
					2D060735F26C7F9D8D3F7880 = {
						ProvisioningStyle = Automatic;
					};
				};
			};
			buildConfigurationList = 764AB330DCDC8CCFF9770918 /* Build configuration list for PBXProject "MacCheck" */;
			developmentRegion = en;
			hasScannedForEncodings = 0;
			knownRegions = (
				Base,
				en,
			);
			mainGroup = 7BADB40D2D87B33B42CBB095;
			minimizedProjectReferenceProxies = 1;
			preferredProjectObjectVersion = 77;
			productRefGroup = 04BECE7B7FCFC94E426E8F98 /* Products */;
			projectDirPath = "";
			projectRoot = "";
			targets = (
				2D060735F26C7F9D8D3F7880 /* MacCheck */,
			);
		};
/* End PBXProject section */

/* Begin PBXResourcesBuildPhase section */
		A622234FD67CC8D759119215 /* Resources */ = {
			isa = PBXResourcesBuildPhase;
			buildActionMask = 2147483647;
			files = (
				21B8CC61B1F663FE8D2ADA23 /* Assets.xcassets in Resources */,
			);
			runOnlyForDeploymentPostprocessing = 0;
		};
/* End PBXResourcesBuildPhase section */

/* Begin PBXSourcesBuildPhase section */
		199C85C740A8A6049FEAAA90 /* Sources */ = {
			isa = PBXSourcesBuildPhase;
			buildActionMask = 2147483647;
			files = (
				3506EE27CC5E7F702954CDBC /* AIModelAdvisor.swift in Sources */,
				CF7F19DBB6186041782AA86E /* AIModelsView.swift in Sources */,
				8AAFD72F1BEC7CAF9826046F /* AppModel.swift in Sources */,
				03EDA0B5E914597A0DA3C7C7 /* AudioCheckView.swift in Sources */,
				B87A28D041AF475CEB291DF9 /* BatteryService.swift in Sources */,
				537DAF0304B333185993A12A /* CameraCheckView.swift in Sources */,
				30ED452BD40F093D90242A7F /* DesignSystem.swift in Sources */,
				FD6309847B9E86676BE40490 /* DetailViews.swift in Sources */,
				D48C811ADC7E155823CB82E4 /* DeviceNaming.swift in Sources */,
				75A437E3F8F8492155A79EFC /* DiskSpeedCheckView.swift in Sources */,
				49AF24919D1A50CD0B4CD16A /* HardwareProbe.swift in Sources */,
				840BB4D4226BA40F52180C3B /* HistoryStore.swift in Sources */,
				FC487407FA904A58A4047AAC /* HistoryView.swift in Sources */,
				666CDCCEAF224418917B13AB /* KeyboardCheckView.swift in Sources */,
				1316207251B430AA38B196FE /* KeyboardLayout.swift in Sources */,
				54BCA357B9659ADDF7B30195 /* KeyboardTestModel.swift in Sources */,
				A31F2841FDA260E688E0955C /* MacCheckApp.swift in Sources */,
				5951CB364A55886817E40C9A /* ManagementService.swift in Sources */,
				F7B0A1CDC89F395A8D1C30E9 /* MicrophoneCheckView.swift in Sources */,
				D44CBFA0ED121556C0D36350 /* NetworkService.swift in Sources */,
				0525C0952D1CF15E3C11F2A8 /* OverviewView.swift in Sources */,
				5AC3A2D025BB04A4925D4387 /* PerformanceCheckView.swift in Sources */,
				21E0744BFD545A772DC15CBA /* PortLiveCheckView.swift in Sources */,
				2B0A86621EE080C97126FFC1 /* PortService.swift in Sources */,
				68BE6016E05D97313AE9F174 /* ReportDocumentView.swift in Sources */,
				8AF68226FE9FBB07EB5D070D /* ReportExporter.swift in Sources */,
				5C1765257FF35300DC35CD01 /* ReportModel.swift in Sources */,
				68C462B7FB5B46275D67CEB6 /* RootView.swift in Sources */,
				5CB6DA5F02ECEE20CA50C721 /* SMCService.swift in Sources */,
				CAA70E17D3EEB98EBCD6169F /* ScreenCheckModel.swift in Sources */,
				1DDADB107795EC9EE09051CD /* ScreenCheckView.swift in Sources */,
				25BE9C90A45ECC7E0210198F /* SecurityChipService.swift in Sources */,
				40AB1557F676AD8B45196FB7 /* SerialDecoder.swift in Sources */,
				5947C4CC610C837C3D2D35E2 /* SettingsView.swift in Sources */,
				13CC6B4531E34C650700440F /* ShellRunner.swift in Sources */,
				585FE00B0FCF0509EB54E680 /* SidebarView.swift in Sources */,
				F39F8BBE17CEE2946637AF10 /* StorageService.swift in Sources */,
				A0C73FAD5537EFF4DB99E416 /* TouchIDCheckView.swift in Sources */,
				BFEA86B8291019DA41CFF8DB /* TrackpadCheckView.swift in Sources */,
			);
			runOnlyForDeploymentPostprocessing = 0;
		};
/* End PBXSourcesBuildPhase section */

/* Begin XCBuildConfiguration section */
		3833BF68A898410D350442DE /* Release */ = {
			isa = XCBuildConfiguration;
			buildSettings = {
				ALWAYS_SEARCH_USER_PATHS = NO;
				CLANG_ANALYZER_NONNULL = YES;
				CLANG_ANALYZER_NUMBER_OBJECT_CONVERSION = YES_AGGRESSIVE;
				CLANG_CXX_LANGUAGE_STANDARD = "gnu++14";
				CLANG_CXX_LIBRARY = "libc++";
				CLANG_ENABLE_MODULES = YES;
				CLANG_ENABLE_OBJC_ARC = YES;
				CLANG_ENABLE_OBJC_WEAK = YES;
				CLANG_WARN_BLOCK_CAPTURE_AUTORELEASING = YES;
				CLANG_WARN_BOOL_CONVERSION = YES;
				CLANG_WARN_COMMA = YES;
				CLANG_WARN_CONSTANT_CONVERSION = YES;
				CLANG_WARN_DEPRECATED_OBJC_IMPLEMENTATIONS = YES;
				CLANG_WARN_DIRECT_OBJC_ISA_USAGE = YES_ERROR;
				CLANG_WARN_DOCUMENTATION_COMMENTS = YES;
				CLANG_WARN_EMPTY_BODY = YES;
				CLANG_WARN_ENUM_CONVERSION = YES;
				CLANG_WARN_INFINITE_RECURSION = YES;
				CLANG_WARN_INT_CONVERSION = YES;
				CLANG_WARN_NON_LITERAL_NULL_CONVERSION = YES;
				CLANG_WARN_OBJC_IMPLICIT_RETAIN_SELF = YES;
				CLANG_WARN_OBJC_LITERAL_CONVERSION = YES;
				CLANG_WARN_OBJC_ROOT_CLASS = YES_ERROR;
				CLANG_WARN_QUOTED_INCLUDE_IN_FRAMEWORK_HEADER = YES;
				CLANG_WARN_RANGE_LOOP_ANALYSIS = YES;
				CLANG_WARN_STRICT_PROTOTYPES = YES;
				CLANG_WARN_SUSPICIOUS_MOVE = YES;
				CLANG_WARN_UNGUARDED_AVAILABILITY = YES_AGGRESSIVE;
				CLANG_WARN_UNREACHABLE_CODE = YES;
				CLANG_WARN__DUPLICATE_METHOD_MATCH = YES;
				CODE_SIGN_STYLE = Automatic;
				COPY_PHASE_STRIP = NO;
				DEBUG_INFORMATION_FORMAT = "dwarf-with-dsym";
				ENABLE_APP_SANDBOX = NO;
				ENABLE_HARDENED_RUNTIME = YES;
				ENABLE_NS_ASSERTIONS = NO;
				ENABLE_STRICT_OBJC_MSGSEND = YES;
				GCC_C_LANGUAGE_STANDARD = gnu11;
				GCC_NO_COMMON_BLOCKS = YES;
				GCC_WARN_64_TO_32_BIT_CONVERSION = YES;
				GCC_WARN_ABOUT_RETURN_TYPE = YES_ERROR;
				GCC_WARN_UNDECLARED_SELECTOR = YES;
				GCC_WARN_UNINITIALIZED_AUTOS = YES_AGGRESSIVE;
				GCC_WARN_UNUSED_FUNCTION = YES;
				GCC_WARN_UNUSED_VARIABLE = YES;
				MACOSX_DEPLOYMENT_TARGET = 14.0;
				MTL_ENABLE_DEBUG_INFO = NO;
				MTL_FAST_MATH = YES;
				PRODUCT_NAME = "$(TARGET_NAME)";
				SDKROOT = macosx;
				SWIFT_COMPILATION_MODE = wholemodule;
				SWIFT_OPTIMIZATION_LEVEL = "-O";
				SWIFT_STRICT_CONCURRENCY = complete;
				SWIFT_VERSION = 6.0;
			};
			name = Release;
		};
		7603D5695BB392E762810313 /* Debug */ = {
			isa = XCBuildConfiguration;
			buildSettings = {
				ALWAYS_SEARCH_USER_PATHS = NO;
				CLANG_ANALYZER_NONNULL = YES;
				CLANG_ANALYZER_NUMBER_OBJECT_CONVERSION = YES_AGGRESSIVE;
				CLANG_CXX_LANGUAGE_STANDARD = "gnu++14";
				CLANG_CXX_LIBRARY = "libc++";
				CLANG_ENABLE_MODULES = YES;
				CLANG_ENABLE_OBJC_ARC = YES;
				CLANG_ENABLE_OBJC_WEAK = YES;
				CLANG_WARN_BLOCK_CAPTURE_AUTORELEASING = YES;
				CLANG_WARN_BOOL_CONVERSION = YES;
				CLANG_WARN_COMMA = YES;
				CLANG_WARN_CONSTANT_CONVERSION = YES;
				CLANG_WARN_DEPRECATED_OBJC_IMPLEMENTATIONS = YES;
				CLANG_WARN_DIRECT_OBJC_ISA_USAGE = YES_ERROR;
				CLANG_WARN_DOCUMENTATION_COMMENTS = YES;
				CLANG_WARN_EMPTY_BODY = YES;
				CLANG_WARN_ENUM_CONVERSION = YES;
				CLANG_WARN_INFINITE_RECURSION = YES;
				CLANG_WARN_INT_CONVERSION = YES;
				CLANG_WARN_NON_LITERAL_NULL_CONVERSION = YES;
				CLANG_WARN_OBJC_IMPLICIT_RETAIN_SELF = YES;
				CLANG_WARN_OBJC_LITERAL_CONVERSION = YES;
				CLANG_WARN_OBJC_ROOT_CLASS = YES_ERROR;
				CLANG_WARN_QUOTED_INCLUDE_IN_FRAMEWORK_HEADER = YES;
				CLANG_WARN_RANGE_LOOP_ANALYSIS = YES;
				CLANG_WARN_STRICT_PROTOTYPES = YES;
				CLANG_WARN_SUSPICIOUS_MOVE = YES;
				CLANG_WARN_UNGUARDED_AVAILABILITY = YES_AGGRESSIVE;
				CLANG_WARN_UNREACHABLE_CODE = YES;
				CLANG_WARN__DUPLICATE_METHOD_MATCH = YES;
				CODE_SIGN_STYLE = Automatic;
				COPY_PHASE_STRIP = NO;
				DEBUG_INFORMATION_FORMAT = dwarf;
				ENABLE_APP_SANDBOX = NO;
				ENABLE_HARDENED_RUNTIME = YES;
				ENABLE_STRICT_OBJC_MSGSEND = YES;
				ENABLE_TESTABILITY = YES;
				GCC_C_LANGUAGE_STANDARD = gnu11;
				GCC_DYNAMIC_NO_PIC = NO;
				GCC_NO_COMMON_BLOCKS = YES;
				GCC_OPTIMIZATION_LEVEL = 0;
				GCC_PREPROCESSOR_DEFINITIONS = (
					"$(inherited)",
					"DEBUG=1",
				);
				GCC_WARN_64_TO_32_BIT_CONVERSION = YES;
				GCC_WARN_ABOUT_RETURN_TYPE = YES_ERROR;
				GCC_WARN_UNDECLARED_SELECTOR = YES;
				GCC_WARN_UNINITIALIZED_AUTOS = YES_AGGRESSIVE;
				GCC_WARN_UNUSED_FUNCTION = YES;
				GCC_WARN_UNUSED_VARIABLE = YES;
				MACOSX_DEPLOYMENT_TARGET = 14.0;
				MTL_ENABLE_DEBUG_INFO = INCLUDE_SOURCE;
				MTL_FAST_MATH = YES;
				ONLY_ACTIVE_ARCH = YES;
				PRODUCT_NAME = "$(TARGET_NAME)";
				SDKROOT = macosx;
				SWIFT_ACTIVE_COMPILATION_CONDITIONS = DEBUG;
				SWIFT_OPTIMIZATION_LEVEL = "-Onone";
				SWIFT_STRICT_CONCURRENCY = complete;
				SWIFT_VERSION = 6.0;
			};
			name = Debug;
		};
		7C7C48B8AB962BBCA616A4F1 /* Release */ = {
			isa = XCBuildConfiguration;
			buildSettings = {
				ASSETCATALOG_COMPILER_APPICON_NAME = AppIcon;
				CODE_SIGN_ENTITLEMENTS = Sources/App/MacCheck.entitlements;
				COMBINE_HIDPI_IMAGES = YES;
				GENERATE_INFOPLIST_FILE = NO;
				INFOPLIST_FILE = Sources/App/Info.plist;
				LD_RUNPATH_SEARCH_PATHS = (
					"$(inherited)",
					"@executable_path/../Frameworks",
				);
				PRODUCT_BUNDLE_IDENTIFIER = com.berryxia.maccheck;
				SDKROOT = macosx;
			};
			name = Release;
		};
		F0F0FCCB5EA3790F65351A3F /* Debug */ = {
			isa = XCBuildConfiguration;
			buildSettings = {
				ASSETCATALOG_COMPILER_APPICON_NAME = AppIcon;
				CODE_SIGN_ENTITLEMENTS = Sources/App/MacCheck.entitlements;
				COMBINE_HIDPI_IMAGES = YES;
				GENERATE_INFOPLIST_FILE = NO;
				INFOPLIST_FILE = Sources/App/Info.plist;
				LD_RUNPATH_SEARCH_PATHS = (
					"$(inherited)",
					"@executable_path/../Frameworks",
				);
				PRODUCT_BUNDLE_IDENTIFIER = com.berryxia.maccheck;
				SDKROOT = macosx;
			};
			name = Debug;
		};
/* End XCBuildConfiguration section */

/* Begin XCConfigurationList section */
		764AB330DCDC8CCFF9770918 /* Build configuration list for PBXProject "MacCheck" */ = {
			isa = XCConfigurationList;
			buildConfigurations = (
				7603D5695BB392E762810313 /* Debug */,
				3833BF68A898410D350442DE /* Release */,
			);
			defaultConfigurationIsVisible = 0;
			defaultConfigurationName = Debug;
		};
		B7BE983942B67216E25E8542 /* Build configuration list for PBXNativeTarget "MacCheck" */ = {
			isa = XCConfigurationList;
			buildConfigurations = (
				F0F0FCCB5EA3790F65351A3F /* Debug */,
				7C7C48B8AB962BBCA616A4F1 /* Release */,
			);
			defaultConfigurationIsVisible = 0;
			defaultConfigurationName = Debug;
		};
/* End XCConfigurationList section */
	};
	rootObject = 45FD97A7EB74F00B0FFD4928 /* Project object */;
}
